# This file is autogenerated, do not edit; changes may be undone by the next 'dep ensure'.


[[projects]]
  name = "github.com/Knetic/govaluate"
  packages = ["."]
  revision = "d216395917cc49052c7c7094cf57f09657ca08a8"
  version = "v3.0.0"

[[projects]]
  name = "github.com/casbin/casbin"
  packages = [
    "config",
    "effect",
    "model",
    "persist",
    "persist/file-adapter",
    "rbac",
    "rbac/default-role-manager",
    "util"
  ]
  revision = "d71629e497929858300c38cd442098c178121c30"
  version = "v1.5.0"

[[projects]]
  name = "github.com/pkg/errors"
  packages = ["."]
  revision = "645ef00459ed84a119197bfb8d8205042c6df63d"
  version = "v0.8.0"

[solve-meta]
  analyzer-name = "dep"
  analyzer-version = 1
  inputs-digest = "33e1d169c1fd595137ed04897d72a9f2f6a96d9e3c283f00166636418a5d933c"
  solver-name = "gps-cdcl"
  solver-version = 1
