github.com/bmatcuk/doublestar/v4 v4.6.1 h1:FH9SifrbvJhnlQpztAx++wlkk70QBf0iBWDwNy7PA4I=
github.com/bmatcuk/doublestar/v4 v4.6.1/go.mod h1:xBQ8jztBU6kakFMg+8WGxn0c6z1fTSPVIjEY1Wr7jzc=
github.com/casbin/govaluate v1.3.0 h1:VA0eSY0M2lA86dYd5kPPuNZMUD9QkWnOCnavGrw9myc=
github.com/casbin/govaluate v1.3.0/go.mod h1:G/UnbIjZk/0uMNaLwZZmFQrR72tYRZWQkO70si/iR7A=
github.com/google/uuid v1.6.0 h1:NIvaJDMOsjHA8n1jAhLSgzrAzy1Hgr+hNrb57e+94F0=
github.com/google/uuid v1.6.0/go.mod h1:TIyPZe4MgqvfeYDBFedMoGGpEw/LqOeaOT+nhxU+yHo=
